
Microsoft Visual Studio Solution File, Format Version 12.00
# Visual Studio Version 16
VisualStudioVersion = 16.0.30105.148
MinimumVisualStudioVersion = 10.0.40219.1
Project("{FAE04EC0-301F-11D3-BF4B-00C04F79EFBC}") = "AsyncStreamsDemo", "AsyncStreamsDemo\AsyncStreamsDemo.csproj", "{43F68D77-30B8-4FE7-AE27-050F8B08F0FA}"
EndProject
Global
	GlobalSection(SolutionConfigurationPlatforms) = preSolution
		Debug|Any CPU = Debug|Any CPU
		Release|Any CPU = Release|Any CPU
	EndGlobalSection
	GlobalSection(ProjectConfigurationPlatforms) = postSolution
		{43F68D77-30B8-4FE7-AE27-050F8B08F0FA}.Debug|Any CPU.ActiveCfg = Debug|Any CPU
		{43F68D77-30B8-4FE7-AE27-050F8B08F0FA}.Debug|Any CPU.Build.0 = Debug|Any CPU
		{43F68D77-30B8-4FE7-AE27-050F8B08F0FA}.Release|Any CPU.ActiveCfg = Release|Any CPU
		{43F68D77-30B8-4FE7-AE27-050F8B08F0FA}.Release|Any CPU.Build.0 = Release|Any CPU
	EndGlobalSection
	GlobalSection(SolutionProperties) = preSolution
		HideSolutionNode = FALSE
	EndGlobalSection
	GlobalSection(ExtensibilityGlobals) = postSolution
		SolutionGuid = {E5B06896-7784-4D93-8AB1-E75FE52770D2}
	EndGlobalSection
EndGlobal
